
Microsoft Visual Studio Solution File, Format Version 12.00
# Visual Studio Version 17
VisualStudioVersion = 17.11.35431.28
MinimumVisualStudioVersion = 10.0.40219.1
Project("{FAE04EC0-301F-11D3-BF4B-00C04F79EFBC}") = "Práctica OOP Polimorfismo", "Práctica OOP Polimorfismo\Práctica OOP Polimorfismo.csproj", "{63D56CFE-3905-47CF-9A45-5ED7482930F1}"
EndProject
Global
	GlobalSection(SolutionConfigurationPlatforms) = preSolution
		Debug|Any CPU = Debug|Any CPU
		Release|Any CPU = Release|Any CPU
	EndGlobalSection
	GlobalSection(ProjectConfigurationPlatforms) = postSolution
		{63D56CFE-3905-47CF-9A45-5ED7482930F1}.Debug|Any CPU.ActiveCfg = Debug|Any CPU
		{63D56CFE-3905-47CF-9A45-5ED7482930F1}.Debug|Any CPU.Build.0 = Debug|Any CPU
		{63D56CFE-3905-47CF-9A45-5ED7482930F1}.Release|Any CPU.ActiveCfg = Release|Any CPU
		{63D56CFE-3905-47CF-9A45-5ED7482930F1}.Release|Any CPU.Build.0 = Release|Any CPU
	EndGlobalSection
	GlobalSection(SolutionProperties) = preSolution
		HideSolutionNode = FALSE
	EndGlobalSection
	GlobalSection(ExtensibilityGlobals) = postSolution
		SolutionGuid = {95A7C321-1B50-4E14-9533-50C9379DAB36}
	EndGlobalSection
EndGlobal
